// !$*UTF8*$!
{
	archiveVersion = 1;
	classes = {
	};
	objectVersion = 55;
	objects = {

/* Begin PBXBuildFile section */
		15C7770128C2573C00AF6C11 /* File.swift in Sources */ = {isa = PBXBuildFile; fileRef = 15C7770028C2573C00AF6C11 /* File.swift */; };
		15C7770228C2573C00AF6C11 /* File.swift in Sources */ = {isa = PBXBuildFile; fileRef = 15C7770028C2573C00AF6C11 /* File.swift */; };
		15D78FE728BA716F00883824 /* SignUpView.swift in Sources */ = {isa = PBXBuildFile; fileRef = 15D78FE628BA716F00883824 /* SignUpView.swift */; };
		15D78FE828BA716F00883824 /* SignUpView.swift in Sources */ = {isa = PBXBuildFile; fileRef = 15D78FE628BA716F00883824 /* SignUpView.swift */; };
		15D78FEA28BAC40D00883824 /* MainPageView.swift in Sources */ = {isa = PBXBuildFile; fileRef = 15D78FE928BAC40D00883824 /* MainPageView.swift */; };
		15D78FEB28BAC40D00883824 /* MainPageView.swift in Sources */ = {isa = PBXBuildFile; fileRef = 15D78FE928BAC40D00883824 /* MainPageView.swift */; };
		15E2605C28B96B9D000311F1 /* TestAppApp.swift in Sources */ = {isa = PBXBuildFile; fileRef = 15E2604C28B96B9A000311F1 /* TestAppApp.swift */; };
		15E2605D28B96B9D000311F1 /* TestAppApp.swift in Sources */ = {isa = PBXBuildFile; fileRef = 15E2604C28B96B9A000311F1 /* TestAppApp.swift */; };
		15E2605E28B96B9D000311F1 /* ContentView.swift in Sources */ = {isa = PBXBuildFile; fileRef = 15E2604D28B96B9A000311F1 /* ContentView.swift */; };
		15E2605F28B96B9D000311F1 /* ContentView.swift in Sources */ = {isa = PBXBuildFile; fileRef = 15E2604D28B96B9A000311F1 /* ContentView.swift */; };
		15E2606028B96B9D000311F1 /* Assets.xcassets in Resources */ = {isa = PBXBuildFile; fileRef = 15E2604E28B96B9D000311F1 /* Assets.xcassets */; };
		15E2606128B96B9D000311F1 /* Assets.xcassets in Resources */ = {isa = PBXBuildFile; fileRef = 15E2604E28B96B9D000311F1 /* Assets.xcassets */; };
		15E260AA28BA6CD8000311F1 /* FirebaseAuth in Frameworks */ = {isa = PBXBuildFile; productRef = 15E260A928BA6CD8000311F1 /* FirebaseAuth */; };
		15E260AC28BA6CD8000311F1 /* FirebaseFirestore in Frameworks */ = {isa = PBXBuildFile; productRef = 15E260AB28BA6CD8000311F1 /* FirebaseFirestore */; };
		15E260AE28BA6D67000311F1 /* GoogleService-Info.plist in Resources */ = {isa = PBXBuildFile; fileRef = 15E260AD28BA6D67000311F1 /* GoogleService-Info.plist */; };
		15E260AF28BA6D67000311F1 /* GoogleService-Info.plist in Resources */ = {isa = PBXBuildFile; fileRef = 15E260AD28BA6D67000311F1 /* GoogleService-Info.plist */; };
/* End PBXBuildFile section */

/* Begin PBXFileReference section */
		15C7770028C2573C00AF6C11 /* File.swift */ = {isa = PBXFileReference; lastKnownFileType = sourcecode.swift; path = File.swift; sourceTree = "<group>"; };
		15D78FE628BA716F00883824 /* SignUpView.swift */ = {isa = PBXFileReference; lastKnownFileType = sourcecode.swift; path = SignUpView.swift; sourceTree = "<group>"; };
		15D78FE928BAC40D00883824 /* MainPageView.swift */ = {isa = PBXFileReference; lastKnownFileType = sourcecode.swift; path = MainPageView.swift; sourceTree = "<group>"; };
		15E2604C28B96B9A000311F1 /* TestAppApp.swift */ = {isa = PBXFileReference; lastKnownFileType = sourcecode.swift; path = TestAppApp.swift; sourceTree = "<group>"; };
		15E2604D28B96B9A000311F1 /* ContentView.swift */ = {isa = PBXFileReference; lastKnownFileType = sourcecode.swift; path = ContentView.swift; sourceTree = "<group>"; tabWidth = 4; };
		15E2604E28B96B9D000311F1 /* Assets.xcassets */ = {isa = PBXFileReference; lastKnownFileType = folder.assetcatalog; path = Assets.xcassets; sourceTree = "<group>"; };
		15E2605328B96B9D000311F1 /* TestApp.app */ = {isa = PBXFileReference; explicitFileType = wrapper.application; includeInIndex = 0; path = TestApp.app; sourceTree = BUILT_PRODUCTS_DIR; };
		15E2605928B96B9D000311F1 /* TestApp.app */ = {isa = PBXFileReference; explicitFileType = wrapper.application; includeInIndex = 0; path = TestApp.app; sourceTree = BUILT_PRODUCTS_DIR; };
		15E2605B28B96B9D000311F1 /* macOS.entitlements */ = {isa = PBXFileReference; lastKnownFileType = text.plist.entitlements; path = macOS.entitlements; sourceTree = "<group>"; };
		15E260AD28BA6D67000311F1 /* GoogleService-Info.plist */ = {isa = PBXFileReference; fileEncoding = 4; lastKnownFileType = text.plist.xml; name = "GoogleService-Info.plist"; path = "../../../Downloads/GoogleService-Info.plist"; sourceTree = "<group>"; };
/* End PBXFileReference section */

/* Begin PBXFrameworksBuildPhase section */
		15E2605028B96B9D000311F1 /* Frameworks */ = {
			isa = PBXFrameworksBuildPhase;
			buildActionMask = 2147483647;
			files = (
				15E260AA28BA6CD8000311F1 /* FirebaseAuth in Frameworks */,
				15E260AC28BA6CD8000311F1 /* FirebaseFirestore in Frameworks */,
			);
			runOnlyForDeploymentPostprocessing = 0;
		};
		15E2605628B96B9D000311F1 /* Frameworks */ = {
			isa = PBXFrameworksBuildPhase;
			buildActionMask = 2147483647;
			files = (
			);
			runOnlyForDeploymentPostprocessing = 0;
		};
/* End PBXFrameworksBuildPhase section */

/* Begin PBXGroup section */
		15E2604628B96B9A000311F1 = {
			isa = PBXGroup;
			children = (
				15E2604B28B96B9A000311F1 /* Shared */,
				15E2605A28B96B9D000311F1 /* macOS */,
				15E2605428B96B9D000311F1 /* Products */,
			);
			sourceTree = "<group>";
		};
		15E2604B28B96B9A000311F1 /* Shared */ = {
			isa = PBXGroup;
			children = (
				15E2604C28B96B9A000311F1 /* TestAppApp.swift */,
				15E260AD28BA6D67000311F1 /* GoogleService-Info.plist */,
				15E2604E28B96B9D000311F1 /* Assets.xcassets */,
				15E2604D28B96B9A000311F1 /* ContentView.swift */,
				15D78FE628BA716F00883824 /* SignUpView.swift */,
				15D78FE928BAC40D00883824 /* MainPageView.swift */,
				15C7770028C2573C00AF6C11 /* File.swift */,
			);
			path = Shared;
			sourceTree = "<group>";
		};
		15E2605428B96B9D000311F1 /* Products */ = {
			isa = PBXGroup;
			children = (
				15E2605328B96B9D000311F1 /* TestApp.app */,
				15E2605928B96B9D000311F1 /* TestApp.app */,
			);
			name = Products;
			sourceTree = "<group>";
		};
		15E2605A28B96B9D000311F1 /* macOS */ = {
			isa = PBXGroup;
			children = (
				15E2605B28B96B9D000311F1 /* macOS.entitlements */,
			);
			path = macOS;
			sourceTree = "<group>";
		};
/* End PBXGroup section */

/* Begin PBXNativeTarget section */
		15E2605228B96B9D000311F1 /* TestApp (iOS) */ = {
			isa = PBXNativeTarget;
			buildConfigurationList = 15E2606428B96B9D000311F1 /* Build configuration list for PBXNativeTarget "TestApp (iOS)" */;
			buildPhases = (
				15E2604F28B96B9D000311F1 /* Sources */,
				15E2605028B96B9D000311F1 /* Frameworks */,
				15E2605128B96B9D000311F1 /* Resources */,
			);
			buildRules = (
			);
			dependencies = (
			);
			name = "TestApp (iOS)";
			packageProductDependencies = (
				15E260A928BA6CD8000311F1 /* FirebaseAuth */,
				15E260AB28BA6CD8000311F1 /* FirebaseFirestore */,
			);
			productName = "TestApp (iOS)";
			productReference = 15E2605328B96B9D000311F1 /* TestApp.app */;
			productType = "com.apple.product-type.application";
		};
		15E2605828B96B9D000311F1 /* TestApp (macOS) */ = {
			isa = PBXNativeTarget;
			buildConfigurationList = 15E2606728B96B9D000311F1 /* Build configuration list for PBXNativeTarget "TestApp (macOS)" */;
			buildPhases = (
				15E2605528B96B9D000311F1 /* Sources */,
				15E2605628B96B9D000311F1 /* Frameworks */,
				15E2605728B96B9D000311F1 /* Resources */,
			);
			buildRules = (
			);
			dependencies = (
			);
			name = "TestApp (macOS)";
			productName = "TestApp (macOS)";
			productReference = 15E2605928B96B9D000311F1 /* TestApp.app */;
			productType = "com.apple.product-type.application";
		};
/* End PBXNativeTarget section */

/* Begin PBXProject section */
		15E2604728B96B9A000311F1 /* Project object */ = {
			isa = PBXProject;
			attributes = {
				BuildIndependentTargetsInParallel = 1;
				LastSwiftUpdateCheck = 1340;
				LastUpgradeCheck = 1340;
				TargetAttributes = {
					15E2605228B96B9D000311F1 = {
						CreatedOnToolsVersion = 13.4.1;
					};
					15E2605828B96B9D000311F1 = {
						CreatedOnToolsVersion = 13.4.1;
					};
				};
			};
			buildConfigurationList = 15E2604A28B96B9A000311F1 /* Build configuration list for PBXProject "TestApp" */;
			compatibilityVersion = "Xcode 13.0";
			developmentRegion = en;
			hasScannedForEncodings = 0;
			knownRegions = (
				en,
				Base,
			);
			mainGroup = 15E2604628B96B9A000311F1;
			packageReferences = (
				15E260A828BA6CD7000311F1 /* XCRemoteSwiftPackageReference "firebase-ios-sdk" */,
			);
			productRefGroup = 15E2605428B96B9D000311F1 /* Products */;
			projectDirPath = "";
			projectRoot = "";
			targets = (
				15E2605228B96B9D000311F1 /* TestApp (iOS) */,
				15E2605828B96B9D000311F1 /* TestApp (macOS) */,
			);
		};
/* End PBXProject section */

/* Begin PBXResourcesBuildPhase section */
		15E2605128B96B9D000311F1 /* Resources */ = {
			isa = PBXResourcesBuildPhase;
			buildActionMask = 2147483647;
			files = (
				15E2606028B96B9D000311F1 /* Assets.xcassets in Resources */,
				15E260AE28BA6D67000311F1 /* GoogleService-Info.plist in Resources */,
			);
			runOnlyForDeploymentPostprocessing = 0;
		};
		15E2605728B96B9D000311F1 /* Resources */ = {
			isa = PBXResourcesBuildPhase;
			buildActionMask = 2147483647;
			files = (
				15E2606128B96B9D000311F1 /* Assets.xcassets in Resources */,
				15E260AF28BA6D67000311F1 /* GoogleService-Info.plist in Resources */,
			);
			runOnlyForDeploymentPostprocessing = 0;
		};
/* End PBXResourcesBuildPhase section */

/* Begin PBXSourcesBuildPhase section */
		15E2604F28B96B9D000311F1 /* Sources */ = {
			isa = PBXSourcesBuildPhase;
			buildActionMask = 2147483647;
			files = (
				15C7770128C2573C00AF6C11 /* File.swift in Sources */,
				15E2605E28B96B9D000311F1 /* ContentView.swift in Sources */,
				15E2605C28B96B9D000311F1 /* TestAppApp.swift in Sources */,
				15D78FEA28BAC40D00883824 /* MainPageView.swift in Sources */,
				15D78FE728BA716F00883824 /* SignUpView.swift in Sources */,
			);
			runOnlyForDeploymentPostprocessing = 0;
		};
		15E2605528B96B9D000311F1 /* Sources */ = {
			isa = PBXSourcesBuildPhase;
			buildActionMask = 2147483647;
			files = (
				15C7770228C2573C00AF6C11 /* File.swift in Sources */,
				15E2605F28B96B9D000311F1 /* ContentView.swift in Sources */,
				15E2605D28B96B9D000311F1 /* TestAppApp.swift in Sources */,
				15D78FEB28BAC40D00883824 /* MainPageView.swift in Sources */,
				15D78FE828BA716F00883824 /* SignUpView.swift in Sources */,
			);
			runOnlyForDeploymentPostprocessing = 0;
		};
/* End PBXSourcesBuildPhase section */

/* Begin XCBuildConfiguration section */
		15E2606228B96B9D000311F1 /* Debug */ = {
			isa = XCBuildConfiguration;
			buildSettings = {
				ALWAYS_SEARCH_USER_PATHS = NO;
				CLANG_ANALYZER_NONNULL = YES;
				CLANG_ANALYZER_NUMBER_OBJECT_CONVERSION = YES_AGGRESSIVE;
				CLANG_CXX_LANGUAGE_STANDARD = "gnu++17";
				CLANG_ENABLE_MODULES = YES;
				CLANG_ENABLE_OBJC_ARC = YES;
				CLANG_ENABLE_OBJC_WEAK = YES;
				CLANG_WARN_BLOCK_CAPTURE_AUTORELEASING = YES;
				CLANG_WARN_BOOL_CONVERSION = YES;
				CLANG_WARN_COMMA = YES;
				CLANG_WARN_CONSTANT_CONVERSION = YES;
				CLANG_WARN_DEPRECATED_OBJC_IMPLEMENTATIONS = YES;
				CLANG_WARN_DIRECT_OBJC_ISA_USAGE = YES_ERROR;
				CLANG_WARN_DOCUMENTATION_COMMENTS = YES;
				CLANG_WARN_EMPTY_BODY = YES;
				CLANG_WARN_ENUM_CONVERSION = YES;
				CLANG_WARN_INFINITE_RECURSION = YES;
				CLANG_WARN_INT_CONVERSION = YES;
				CLANG_WARN_NON_LITERAL_NULL_CONVERSION = YES;
				CLANG_WARN_OBJC_IMPLICIT_RETAIN_SELF = YES;
				CLANG_WARN_OBJC_LITERAL_CONVERSION = YES;
				CLANG_WARN_OBJC_ROOT_CLASS = YES_ERROR;
				CLANG_WARN_QUOTED_INCLUDE_IN_FRAMEWORK_HEADER = YES;
				CLANG_WARN_RANGE_LOOP_ANALYSIS = YES;
				CLANG_WARN_STRICT_PROTOTYPES = YES;
				CLANG_WARN_SUSPICIOUS_MOVE = YES;
				CLANG_WARN_UNGUARDED_AVAILABILITY = YES_AGGRESSIVE;
				CLANG_WARN_UNREACHABLE_CODE = YES;
				CLANG_WARN__DUPLICATE_METHOD_MATCH = YES;
				COPY_PHASE_STRIP = NO;
				DEBUG_INFORMATION_FORMAT = dwarf;
				ENABLE_STRICT_OBJC_MSGSEND = YES;
				ENABLE_TESTABILITY = YES;
				GCC_C_LANGUAGE_STANDARD = gnu11;
				GCC_DYNAMIC_NO_PIC = NO;
				GCC_NO_COMMON_BLOCKS = YES;
				GCC_OPTIMIZATION_LEVEL = 0;
				GCC_PREPROCESSOR_DEFINITIONS = (
					"DEBUG=1",
					"$(inherited)",
				);
				GCC_WARN_64_TO_32_BIT_CONVERSION = YES;
				GCC_WARN_ABOUT_RETURN_TYPE = YES_ERROR;
				GCC_WARN_UNDECLARED_SELECTOR = YES;
				GCC_WARN_UNINITIALIZED_AUTOS = YES_AGGRESSIVE;
				GCC_WARN_UNUSED_FUNCTION = YES;
				GCC_WARN_UNUSED_VARIABLE = YES;
				MTL_ENABLE_DEBUG_INFO = INCLUDE_SOURCE;
				MTL_FAST_MATH = YES;
				ONLY_ACTIVE_ARCH = YES;
				SWIFT_ACTIVE_COMPILATION_CONDITIONS = DEBUG;
				SWIFT_OPTIMIZATION_LEVEL = "-Onone";
			};
			name = Debug;
		};
		15E2606328B96B9D000311F1 /* Release */ = {
			isa = XCBuildConfiguration;
			buildSettings = {
				ALWAYS_SEARCH_USER_PATHS = NO;
				CLANG_ANALYZER_NONNULL = YES;
				CLANG_ANALYZER_NUMBER_OBJECT_CONVERSION = YES_AGGRESSIVE;
				CLANG_CXX_LANGUAGE_STANDARD = "gnu++17";
				CLANG_ENABLE_MODULES = YES;
				CLANG_ENABLE_OBJC_ARC = YES;
				CLANG_ENABLE_OBJC_WEAK = YES;
				CLANG_WARN_BLOCK_CAPTURE_AUTORELEASING = YES;
				CLANG_WARN_BOOL_CONVERSION = YES;
				CLANG_WARN_COMMA = YES;
				CLANG_WARN_CONSTANT_CONVERSION = YES;
				CLANG_WARN_DEPRECATED_OBJC_IMPLEMENTATIONS = YES;
				CLANG_WARN_DIRECT_OBJC_ISA_USAGE = YES_ERROR;
				CLANG_WARN_DOCUMENTATION_COMMENTS = YES;
				CLANG_WARN_EMPTY_BODY = YES;
				CLANG_WARN_ENUM_CONVERSION = YES;
				CLANG_WARN_INFINITE_RECURSION = YES;
				CLANG_WARN_INT_CONVERSION = YES;
				CLANG_WARN_NON_LITERAL_NULL_CONVERSION = YES;
				CLANG_WARN_OBJC_IMPLICIT_RETAIN_SELF = YES;
				CLANG_WARN_OBJC_LITERAL_CONVERSION = YES;
				CLANG_WARN_OBJC_ROOT_CLASS = YES_ERROR;
				CLANG_WARN_QUOTED_INCLUDE_IN_FRAMEWORK_HEADER = YES;
				CLANG_WARN_RANGE_LOOP_ANALYSIS = YES;
				CLANG_WARN_STRICT_PROTOTYPES = YES;
				CLANG_WARN_SUSPICIOUS_MOVE = YES;
				CLANG_WARN_UNGUARDED_AVAILABILITY = YES_AGGRESSIVE;
				CLANG_WARN_UNREACHABLE_CODE = YES;
				CLANG_WARN__DUPLICATE_METHOD_MATCH = YES;
				COPY_PHASE_STRIP = NO;
				DEBUG_INFORMATION_FORMAT = "dwarf-with-dsym";
				ENABLE_NS_ASSERTIONS = NO;
				ENABLE_STRICT_OBJC_MSGSEND = YES;
				GCC_C_LANGUAGE_STANDARD = gnu11;
				GCC_NO_COMMON_BLOCKS = YES;
				GCC_WARN_64_TO_32_BIT_CONVERSION = YES;
				GCC_WARN_ABOUT_RETURN_TYPE = YES_ERROR;
				GCC_WARN_UNDECLARED_SELECTOR = YES;
				GCC_WARN_UNINITIALIZED_AUTOS = YES_AGGRESSIVE;
				GCC_WARN_UNUSED_FUNCTION = YES;
				GCC_WARN_UNUSED_VARIABLE = YES;
				MTL_ENABLE_DEBUG_INFO = NO;
				MTL_FAST_MATH = YES;
				SWIFT_COMPILATION_MODE = wholemodule;
				SWIFT_OPTIMIZATION_LEVEL = "-O";
			};
			name = Release;
		};
		15E2606528B96B9D000311F1 /* Debug */ = {
			isa = XCBuildConfiguration;
			buildSettings = {
				ASSETCATALOG_COMPILER_APPICON_NAME = AppIcon;
				ASSETCATALOG_COMPILER_GLOBAL_ACCENT_COLOR_NAME = AccentColor;
				CODE_SIGN_STYLE = Automatic;
				CURRENT_PROJECT_VERSION = 1;
				ENABLE_PREVIEWS = YES;
				GENERATE_INFOPLIST_FILE = YES;
				INFOPLIST_KEY_UIApplicationSceneManifest_Generation = YES;
				INFOPLIST_KEY_UIApplicationSupportsIndirectInputEvents = YES;
				INFOPLIST_KEY_UILaunchScreen_Generation = YES;
				INFOPLIST_KEY_UISupportedInterfaceOrientations_iPad = "UIInterfaceOrientationPortrait UIInterfaceOrientationPortraitUpsideDown UIInterfaceOrientationLandscapeLeft UIInterfaceOrientationLandscapeRight";
				INFOPLIST_KEY_UISupportedInterfaceOrientations_iPhone = "UIInterfaceOrientationPortrait UIInterfaceOrientationLandscapeLeft UIInterfaceOrientationLandscapeRight";
				IPHONEOS_DEPLOYMENT_TARGET = 15.5;
				LD_RUNPATH_SEARCH_PATHS = (
					"$(inherited)",
					"@executable_path/Frameworks",
				);
				MARKETING_VERSION = 1.0;
				PRODUCT_BUNDLE_IDENTIFIER = ratsu.TestApp;
				PRODUCT_NAME = TestApp;
				SDKROOT = iphoneos;
				SWIFT_EMIT_LOC_STRINGS = YES;
				SWIFT_VERSION = 5.0;
				TARGETED_DEVICE_FAMILY = "1,2";
			};
			name = Debug;
		};
		15E2606628B96B9D000311F1 /* Release */ = {
			isa = XCBuildConfiguration;
			buildSettings = {
				ASSETCATALOG_COMPILER_APPICON_NAME = AppIcon;
				ASSETCATALOG_COMPILER_GLOBAL_ACCENT_COLOR_NAME = AccentColor;
				CODE_SIGN_STYLE = Automatic;
				CURRENT_PROJECT_VERSION = 1;
				ENABLE_PREVIEWS = YES;
				GENERATE_INFOPLIST_FILE = YES;
				INFOPLIST_KEY_UIApplicationSceneManifest_Generation = YES;
				INFOPLIST_KEY_UIApplicationSupportsIndirectInputEvents = YES;
				INFOPLIST_KEY_UILaunchScreen_Generation = YES;
				INFOPLIST_KEY_UISupportedInterfaceOrientations_iPad = "UIInterfaceOrientationPortrait UIInterfaceOrientationPortraitUpsideDown UIInterfaceOrientationLandscapeLeft UIInterfaceOrientationLandscapeRight";
				INFOPLIST_KEY_UISupportedInterfaceOrientations_iPhone = "UIInterfaceOrientationPortrait UIInterfaceOrientationLandscapeLeft UIInterfaceOrientationLandscapeRight";
				IPHONEOS_DEPLOYMENT_TARGET = 15.5;
				LD_RUNPATH_SEARCH_PATHS = (
					"$(inherited)",
					"@executable_path/Frameworks",
				);
				MARKETING_VERSION = 1.0;
				PRODUCT_BUNDLE_IDENTIFIER = ratsu.TestApp;
				PRODUCT_NAME = TestApp;
				SDKROOT = iphoneos;
				SWIFT_EMIT_LOC_STRINGS = YES;
				SWIFT_VERSION = 5.0;
				TARGETED_DEVICE_FAMILY = "1,2";
				VALIDATE_PRODUCT = YES;
			};
			name = Release;
		};
		15E2606828B96B9D000311F1 /* Debug */ = {
			isa = XCBuildConfiguration;
			buildSettings = {
				ASSETCATALOG_COMPILER_APPICON_NAME = AppIcon;
				ASSETCATALOG_COMPILER_GLOBAL_ACCENT_COLOR_NAME = AccentColor;
				CODE_SIGN_ENTITLEMENTS = macOS/macOS.entitlements;
				CODE_SIGN_STYLE = Automatic;
				COMBINE_HIDPI_IMAGES = YES;
				CURRENT_PROJECT_VERSION = 1;
				ENABLE_PREVIEWS = YES;
				GENERATE_INFOPLIST_FILE = YES;
				INFOPLIST_KEY_NSHumanReadableCopyright = "";
				LD_RUNPATH_SEARCH_PATHS = (
					"$(inherited)",
					"@executable_path/../Frameworks",
				);
				MACOSX_DEPLOYMENT_TARGET = 12.3;
				MARKETING_VERSION = 1.0;
				PRODUCT_BUNDLE_IDENTIFIER = ratsu.TestApp;
				PRODUCT_NAME = TestApp;
				SDKROOT = macosx;
				SWIFT_EMIT_LOC_STRINGS = YES;
				SWIFT_VERSION = 5.0;
			};
			name = Debug;
		};
		15E2606928B96B9D000311F1 /* Release */ = {
			isa = XCBuildConfiguration;
			buildSettings = {
				ASSETCATALOG_COMPILER_APPICON_NAME = AppIcon;
				ASSETCATALOG_COMPILER_GLOBAL_ACCENT_COLOR_NAME = AccentColor;
				CODE_SIGN_ENTITLEMENTS = macOS/macOS.entitlements;
				CODE_SIGN_STYLE = Automatic;
				COMBINE_HIDPI_IMAGES = YES;
				CURRENT_PROJECT_VERSION = 1;
				ENABLE_PREVIEWS = YES;
				GENERATE_INFOPLIST_FILE = YES;
				INFOPLIST_KEY_NSHumanReadableCopyright = "";
				LD_RUNPATH_SEARCH_PATHS = (
					"$(inherited)",
					"@executable_path/../Frameworks",
				);
				MACOSX_DEPLOYMENT_TARGET = 12.3;
				MARKETING_VERSION = 1.0;
				PRODUCT_BUNDLE_IDENTIFIER = ratsu.TestApp;
				PRODUCT_NAME = TestApp;
				SDKROOT = macosx;
				SWIFT_EMIT_LOC_STRINGS = YES;
				SWIFT_VERSION = 5.0;
			};
			name = Release;
		};
/* End XCBuildConfiguration section */

/* Begin XCConfigurationList section */
		15E2604A28B96B9A000311F1 /* Build configuration list for PBXProject "TestApp" */ = {
			isa = XCConfigurationList;
			buildConfigurations = (
				15E2606228B96B9D000311F1 /* Debug */,
				15E2606328B96B9D000311F1 /* Release */,
			);
			defaultConfigurationIsVisible = 0;
			defaultConfigurationName = Release;
		};
		15E2606428B96B9D000311F1 /* Build configuration list for PBXNativeTarget "TestApp (iOS)" */ = {
			isa = XCConfigurationList;
			buildConfigurations = (
				15E2606528B96B9D000311F1 /* Debug */,
				15E2606628B96B9D000311F1 /* Release */,
			);
			defaultConfigurationIsVisible = 0;
			defaultConfigurationName = Release;
		};
		15E2606728B96B9D000311F1 /* Build configuration list for PBXNativeTarget "TestApp (macOS)" */ = {
			isa = XCConfigurationList;
			buildConfigurations = (
				15E2606828B96B9D000311F1 /* Debug */,
				15E2606928B96B9D000311F1 /* Release */,
			);
			defaultConfigurationIsVisible = 0;
			defaultConfigurationName = Release;
		};
/* End XCConfigurationList section */

/* Begin XCRemoteSwiftPackageReference section */
		15E260A828BA6CD7000311F1 /* XCRemoteSwiftPackageReference "firebase-ios-sdk" */ = {
			isa = XCRemoteSwiftPackageReference;
			repositoryURL = "https://github.com/firebase/firebase-ios-sdk.git";
			requirement = {
				kind = upToNextMajorVersion;
				minimumVersion = 9.0.0;
			};
		};
/* End XCRemoteSwiftPackageReference section */

/* Begin XCSwiftPackageProductDependency section */
		15E260A928BA6CD8000311F1 /* FirebaseAuth */ = {
			isa = XCSwiftPackageProductDependency;
			package = 15E260A828BA6CD7000311F1 /* XCRemoteSwiftPackageReference "firebase-ios-sdk" */;
			productName = FirebaseAuth;
		};
		15E260AB28BA6CD8000311F1 /* FirebaseFirestore */ = {
			isa = XCSwiftPackageProductDependency;
			package = 15E260A828BA6CD7000311F1 /* XCRemoteSwiftPackageReference "firebase-ios-sdk" */;
			productName = FirebaseFirestore;
		};
/* End XCSwiftPackageProductDependency section */
	};
	rootObject = 15E2604728B96B9A000311F1 /* Project object */;
}
